// !$*UTF8*$!
{
	archiveVersion = 1;
	classes = {
	};
	objectVersion = 55;
	objects = {

/* Begin PBXBuildFile section */
		7121521D2727CD0900406898 /* SwiftLibPaige.docc in Sources */ = {isa = PBXBuildFile; fileRef = 7121521C2727CD0900406898 /* SwiftLibPaige.docc */; };
		712152232727CD0900406898 /* SwiftLibPaige.framework in Frameworks */ = {isa = PBXBuildFile; fileRef = 712152182727CD0900406898 /* SwiftLibPaige.framework */; };
		712152282727CD0900406898 /* SwiftLibPaigeTests.swift in Sources */ = {isa = PBXBuildFile; fileRef = 712152272727CD0900406898 /* SwiftLibPaigeTests.swift */; };
		712152292727CD0900406898 /* SwiftLibPaige.h in Headers */ = {isa = PBXBuildFile; fileRef = 7121521B2727CD0900406898 /* SwiftLibPaige.h */; settings = {ATTRIBUTES = (Public, ); }; };
		712152332727CD2900406898 /* SwiftLibPaige.swift in Sources */ = {isa = PBXBuildFile; fileRef = 712152322727CD2900406898 /* SwiftLibPaige.swift */; };
/* End PBXBuildFile section */

/* Begin PBXContainerItemProxy section */
		712152242727CD0900406898 /* PBXContainerItemProxy */ = {
			isa = PBXContainerItemProxy;
			containerPortal = 7121520F2727CD0900406898 /* Project object */;
			proxyType = 1;
			remoteGlobalIDString = 712152172727CD0900406898;
			remoteInfo = SwiftLibPaige;
		};
/* End PBXContainerItemProxy section */

/* Begin PBXFileReference section */
		712152182727CD0900406898 /* SwiftLibPaige.framework */ = {isa = PBXFileReference; explicitFileType = wrapper.framework; includeInIndex = 0; path = SwiftLibPaige.framework; sourceTree = BUILT_PRODUCTS_DIR; };
		7121521B2727CD0900406898 /* SwiftLibPaige.h */ = {isa = PBXFileReference; lastKnownFileType = sourcecode.c.h; path = SwiftLibPaige.h; sourceTree = "<group>"; };
		7121521C2727CD0900406898 /* SwiftLibPaige.docc */ = {isa = PBXFileReference; lastKnownFileType = folder.documentationcatalog; path = SwiftLibPaige.docc; sourceTree = "<group>"; };
		712152222727CD0900406898 /* SwiftLibPaigeTests.xctest */ = {isa = PBXFileReference; explicitFileType = wrapper.cfbundle; includeInIndex = 0; path = SwiftLibPaigeTests.xctest; sourceTree = BUILT_PRODUCTS_DIR; };
		712152272727CD0900406898 /* SwiftLibPaigeTests.swift */ = {isa = PBXFileReference; lastKnownFileType = sourcecode.swift; path = SwiftLibPaigeTests.swift; sourceTree = "<group>"; };
		712152322727CD2900406898 /* SwiftLibPaige.swift */ = {isa = PBXFileReference; lastKnownFileType = sourcecode.swift; path = SwiftLibPaige.swift; sourceTree = "<group>"; };
/* End PBXFileReference section */

/* Begin PBXFrameworksBuildPhase section */
		712152152727CD0900406898 /* Frameworks */ = {
			isa = PBXFrameworksBuildPhase;
			buildActionMask = 2147483647;
			files = (
			);
			runOnlyForDeploymentPostprocessing = 0;
		};
		7121521F2727CD0900406898 /* Frameworks */ = {
			isa = PBXFrameworksBuildPhase;
			buildActionMask = 2147483647;
			files = (
				712152232727CD0900406898 /* SwiftLibPaige.framework in Frameworks */,
			);
			runOnlyForDeploymentPostprocessing = 0;
		};
/* End PBXFrameworksBuildPhase section */

/* Begin PBXGroup section */
		7121520E2727CD0900406898 = {
			isa = PBXGroup;
			children = (
				7121521A2727CD0900406898 /* SwiftLibPaige */,
				712152262727CD0900406898 /* SwiftLibPaigeTests */,
				712152192727CD0900406898 /* Products */,
			);
			sourceTree = "<group>";
		};
		712152192727CD0900406898 /* Products */ = {
			isa = PBXGroup;
			children = (
				712152182727CD0900406898 /* SwiftLibPaige.framework */,
				712152222727CD0900406898 /* SwiftLibPaigeTests.xctest */,
			);
			name = Products;
			sourceTree = "<group>";
		};
		7121521A2727CD0900406898 /* SwiftLibPaige */ = {
			isa = PBXGroup;
			children = (
				7121521B2727CD0900406898 /* SwiftLibPaige.h */,
				7121521C2727CD0900406898 /* SwiftLibPaige.docc */,
				712152322727CD2900406898 /* SwiftLibPaige.swift */,
			);
			path = SwiftLibPaige;
			sourceTree = "<group>";
		};
		712152262727CD0900406898 /* SwiftLibPaigeTests */ = {
			isa = PBXGroup;
			children = (
				712152272727CD0900406898 /* SwiftLibPaigeTests.swift */,
			);
			path = SwiftLibPaigeTests;
			sourceTree = "<group>";
		};
/* End PBXGroup section */

/* Begin PBXHeadersBuildPhase section */
		712152132727CD0900406898 /* Headers */ = {
			isa = PBXHeadersBuildPhase;
			buildActionMask = 2147483647;
			files = (
				712152292727CD0900406898 /* SwiftLibPaige.h in Headers */,
			);
			runOnlyForDeploymentPostprocessing = 0;
		};
/* End PBXHeadersBuildPhase section */

/* Begin PBXNativeTarget section */
		712152172727CD0900406898 /* SwiftLibPaige */ = {
			isa = PBXNativeTarget;
			buildConfigurationList = 7121522C2727CD0900406898 /* Build configuration list for PBXNativeTarget "SwiftLibPaige" */;
			buildPhases = (
				712152132727CD0900406898 /* Headers */,
				712152142727CD0900406898 /* Sources */,
				712152152727CD0900406898 /* Frameworks */,
				712152162727CD0900406898 /* Resources */,
			);
			buildRules = (
			);
			dependencies = (
			);
			name = SwiftLibPaige;
			productName = SwiftLibPaige;
			productReference = 712152182727CD0900406898 /* SwiftLibPaige.framework */;
			productType = "com.apple.product-type.framework";
		};
		712152212727CD0900406898 /* SwiftLibPaigeTests */ = {
			isa = PBXNativeTarget;
			buildConfigurationList = 7121522F2727CD0900406898 /* Build configuration list for PBXNativeTarget "SwiftLibPaigeTests" */;
			buildPhases = (
				7121521E2727CD0900406898 /* Sources */,
				7121521F2727CD0900406898 /* Frameworks */,
				712152202727CD0900406898 /* Resources */,
			);
			buildRules = (
			);
			dependencies = (
				712152252727CD0900406898 /* PBXTargetDependency */,
			);
			name = SwiftLibPaigeTests;
			productName = SwiftLibPaigeTests;
			productReference = 712152222727CD0900406898 /* SwiftLibPaigeTests.xctest */;
			productType = "com.apple.product-type.bundle.unit-test";
		};
/* End PBXNativeTarget section */

/* Begin PBXProject section */
		7121520F2727CD0900406898 /* Project object */ = {
			isa = PBXProject;
			attributes = {
				BuildIndependentTargetsInParallel = 1;
				LastSwiftUpdateCheck = 1300;
				LastUpgradeCheck = 1300;
				TargetAttributes = {
					712152172727CD0900406898 = {
						CreatedOnToolsVersion = 13.0;
					};
					712152212727CD0900406898 = {
						CreatedOnToolsVersion = 13.0;
					};
				};
			};
			buildConfigurationList = 712152122727CD0900406898 /* Build configuration list for PBXProject "SwiftLibPaige" */;
			compatibilityVersion = "Xcode 13.0";
			developmentRegion = en;
			hasScannedForEncodings = 0;
			knownRegions = (
				en,
				Base,
			);
			mainGroup = 7121520E2727CD0900406898;
			productRefGroup = 712152192727CD0900406898 /* Products */;
			projectDirPath = "";
			projectRoot = "";
			targets = (
				712152172727CD0900406898 /* SwiftLibPaige */,
				712152212727CD0900406898 /* SwiftLibPaigeTests */,
			);
		};
/* End PBXProject section */

/* Begin PBXResourcesBuildPhase section */
		712152162727CD0900406898 /* Resources */ = {
			isa = PBXResourcesBuildPhase;
			buildActionMask = 2147483647;
			files = (
			);
			runOnlyForDeploymentPostprocessing = 0;
		};
		712152202727CD0900406898 /* Resources */ = {
			isa = PBXResourcesBuildPhase;
			buildActionMask = 2147483647;
			files = (
			);
			runOnlyForDeploymentPostprocessing = 0;
		};
/* End PBXResourcesBuildPhase section */

/* Begin PBXSourcesBuildPhase section */
		712152142727CD0900406898 /* Sources */ = {
			isa = PBXSourcesBuildPhase;
			buildActionMask = 2147483647;
			files = (
				712152332727CD2900406898 /* SwiftLibPaige.swift in Sources */,
				7121521D2727CD0900406898 /* SwiftLibPaige.docc in Sources */,
			);
			runOnlyForDeploymentPostprocessing = 0;
		};
		7121521E2727CD0900406898 /* Sources */ = {
			isa = PBXSourcesBuildPhase;
			buildActionMask = 2147483647;
			files = (
				712152282727CD0900406898 /* SwiftLibPaigeTests.swift in Sources */,
			);
			runOnlyForDeploymentPostprocessing = 0;
		};
/* End PBXSourcesBuildPhase section */

/* Begin PBXTargetDependency section */
		712152252727CD0900406898 /* PBXTargetDependency */ = {
			isa = PBXTargetDependency;
			target = 712152172727CD0900406898 /* SwiftLibPaige */;
			targetProxy = 712152242727CD0900406898 /* PBXContainerItemProxy */;
		};
/* End PBXTargetDependency section */

/* Begin XCBuildConfiguration section */
		7121522A2727CD0900406898 /* Debug */ = {
			isa = XCBuildConfiguration;
			buildSettings = {
				ALWAYS_SEARCH_USER_PATHS = NO;
				CLANG_ANALYZER_NONNULL = YES;
				CLANG_ANALYZER_NUMBER_OBJECT_CONVERSION = YES_AGGRESSIVE;
				CLANG_CXX_LANGUAGE_STANDARD = "gnu++17";
				CLANG_CXX_LIBRARY = "libc++";
				CLANG_ENABLE_MODULES = YES;
				CLANG_ENABLE_OBJC_ARC = YES;
				CLANG_ENABLE_OBJC_WEAK = YES;
				CLANG_WARN_BLOCK_CAPTURE_AUTORELEASING = YES;
				CLANG_WARN_BOOL_CONVERSION = YES;
				CLANG_WARN_COMMA = YES;
				CLANG_WARN_CONSTANT_CONVERSION = YES;
				CLANG_WARN_DEPRECATED_OBJC_IMPLEMENTATIONS = YES;
				CLANG_WARN_DIRECT_OBJC_ISA_USAGE = YES_ERROR;
				CLANG_WARN_DOCUMENTATION_COMMENTS = YES;
				CLANG_WARN_EMPTY_BODY = YES;
				CLANG_WARN_ENUM_CONVERSION = YES;
				CLANG_WARN_INFINITE_RECURSION = YES;
				CLANG_WARN_INT_CONVERSION = YES;
				CLANG_WARN_NON_LITERAL_NULL_CONVERSION = YES;
				CLANG_WARN_OBJC_IMPLICIT_RETAIN_SELF = YES;
				CLANG_WARN_OBJC_LITERAL_CONVERSION = YES;
				CLANG_WARN_OBJC_ROOT_CLASS = YES_ERROR;
				CLANG_WARN_QUOTED_INCLUDE_IN_FRAMEWORK_HEADER = YES;
				CLANG_WARN_RANGE_LOOP_ANALYSIS = YES;
				CLANG_WARN_STRICT_PROTOTYPES = YES;
				CLANG_WARN_SUSPICIOUS_MOVE = YES;
				CLANG_WARN_UNGUARDED_AVAILABILITY = YES_AGGRESSIVE;
				CLANG_WARN_UNREACHABLE_CODE = YES;
				CLANG_WARN__DUPLICATE_METHOD_MATCH = YES;
				COPY_PHASE_STRIP = NO;
				CURRENT_PROJECT_VERSION = 1;
				DEBUG_INFORMATION_FORMAT = dwarf;
				ENABLE_STRICT_OBJC_MSGSEND = YES;
				ENABLE_TESTABILITY = YES;
				GCC_C_LANGUAGE_STANDARD = gnu11;
				GCC_DYNAMIC_NO_PIC = NO;
				GCC_NO_COMMON_BLOCKS = YES;
				GCC_OPTIMIZATION_LEVEL = 0;
				GCC_PREPROCESSOR_DEFINITIONS = (
					"DEBUG=1",
					"$(inherited)",
				);
				GCC_WARN_64_TO_32_BIT_CONVERSION = YES;
				GCC_WARN_ABOUT_RETURN_TYPE = YES_ERROR;
				GCC_WARN_UNDECLARED_SELECTOR = YES;
				GCC_WARN_UNINITIALIZED_AUTOS = YES_AGGRESSIVE;
				GCC_WARN_UNUSED_FUNCTION = YES;
				GCC_WARN_UNUSED_VARIABLE = YES;
				IPHONEOS_DEPLOYMENT_TARGET = 15.0;
				MTL_ENABLE_DEBUG_INFO = INCLUDE_SOURCE;
				MTL_FAST_MATH = YES;
				ONLY_ACTIVE_ARCH = YES;
				SDKROOT = iphoneos;
				SWIFT_ACTIVE_COMPILATION_CONDITIONS = DEBUG;
				SWIFT_OPTIMIZATION_LEVEL = "-Onone";
				VERSIONING_SYSTEM = "apple-generic";
				VERSION_INFO_PREFIX = "";
			};
			name = Debug;
		};
		7121522B2727CD0900406898 /* Release */ = {
			isa = XCBuildConfiguration;
			buildSettings = {
				ALWAYS_SEARCH_USER_PATHS = NO;
				CLANG_ANALYZER_NONNULL = YES;
				CLANG_ANALYZER_NUMBER_OBJECT_CONVERSION = YES_AGGRESSIVE;
				CLANG_CXX_LANGUAGE_STANDARD = "gnu++17";
				CLANG_CXX_LIBRARY = "libc++";
				CLANG_ENABLE_MODULES = YES;
				CLANG_ENABLE_OBJC_ARC = YES;
				CLANG_ENABLE_OBJC_WEAK = YES;
				CLANG_WARN_BLOCK_CAPTURE_AUTORELEASING = YES;
				CLANG_WARN_BOOL_CONVERSION = YES;
				CLANG_WARN_COMMA = YES;
				CLANG_WARN_CONSTANT_CONVERSION = YES;
				CLANG_WARN_DEPRECATED_OBJC_IMPLEMENTATIONS = YES;
				CLANG_WARN_DIRECT_OBJC_ISA_USAGE = YES_ERROR;
				CLANG_WARN_DOCUMENTATION_COMMENTS = YES;
				CLANG_WARN_EMPTY_BODY = YES;
				CLANG_WARN_ENUM_CONVERSION = YES;
				CLANG_WARN_INFINITE_RECURSION = YES;
				CLANG_WARN_INT_CONVERSION = YES;
				CLANG_WARN_NON_LITERAL_NULL_CONVERSION = YES;
				CLANG_WARN_OBJC_IMPLICIT_RETAIN_SELF = YES;
				CLANG_WARN_OBJC_LITERAL_CONVERSION = YES;
				CLANG_WARN_OBJC_ROOT_CLASS = YES_ERROR;
				CLANG_WARN_QUOTED_INCLUDE_IN_FRAMEWORK_HEADER = YES;
				CLANG_WARN_RANGE_LOOP_ANALYSIS = YES;
				CLANG_WARN_STRICT_PROTOTYPES = YES;
				CLANG_WARN_SUSPICIOUS_MOVE = YES;
				CLANG_WARN_UNGUARDED_AVAILABILITY = YES_AGGRESSIVE;
				CLANG_WARN_UNREACHABLE_CODE = YES;
				CLANG_WARN__DUPLICATE_METHOD_MATCH = YES;
				COPY_PHASE_STRIP = NO;
				CURRENT_PROJECT_VERSION = 1;
				DEBUG_INFORMATION_FORMAT = "dwarf-with-dsym";
				ENABLE_NS_ASSERTIONS = NO;
				ENABLE_STRICT_OBJC_MSGSEND = YES;
				GCC_C_LANGUAGE_STANDARD = gnu11;
				GCC_NO_COMMON_BLOCKS = YES;
				GCC_WARN_64_TO_32_BIT_CONVERSION = YES;
				GCC_WARN_ABOUT_RETURN_TYPE = YES_ERROR;
				GCC_WARN_UNDECLARED_SELECTOR = YES;
				GCC_WARN_UNINITIALIZED_AUTOS = YES_AGGRESSIVE;
				GCC_WARN_UNUSED_FUNCTION = YES;
				GCC_WARN_UNUSED_VARIABLE = YES;
				IPHONEOS_DEPLOYMENT_TARGET = 15.0;
				MTL_ENABLE_DEBUG_INFO = NO;
				MTL_FAST_MATH = YES;
				SDKROOT = iphoneos;
				SWIFT_COMPILATION_MODE = wholemodule;
				SWIFT_OPTIMIZATION_LEVEL = "-O";
				VALIDATE_PRODUCT = YES;
				VERSIONING_SYSTEM = "apple-generic";
				VERSION_INFO_PREFIX = "";
			};
			name = Release;
		};
		7121522D2727CD0900406898 /* Debug */ = {
			isa = XCBuildConfiguration;
			buildSettings = {
				CODE_SIGN_STYLE = Automatic;
				CURRENT_PROJECT_VERSION = 1;
				DEFINES_MODULE = YES;
				DYLIB_COMPATIBILITY_VERSION = 1;
				DYLIB_CURRENT_VERSION = 1;
				DYLIB_INSTALL_NAME_BASE = "@rpath";
				GENERATE_INFOPLIST_FILE = YES;
				INFOPLIST_KEY_NSHumanReadableCopyright = "";
				INSTALL_PATH = "$(LOCAL_LIBRARY_DIR)/Frameworks";
				LD_RUNPATH_SEARCH_PATHS = (
					"$(inherited)",
					"@executable_path/Frameworks",
					"@loader_path/Frameworks",
				);
				MARKETING_VERSION = 1.0;
				PRODUCT_BUNDLE_IDENTIFIER = paige.SwiftLibPaige;
				PRODUCT_NAME = "$(TARGET_NAME:c99extidentifier)";
				SKIP_INSTALL = YES;
				SWIFT_EMIT_LOC_STRINGS = YES;
				SWIFT_VERSION = 5.0;
				TARGETED_DEVICE_FAMILY = "1,2";
			};
			name = Debug;
		};
		7121522E2727CD0900406898 /* Release */ = {
			isa = XCBuildConfiguration;
			buildSettings = {
				CODE_SIGN_STYLE = Automatic;
				CURRENT_PROJECT_VERSION = 1;
				DEFINES_MODULE = YES;
				DYLIB_COMPATIBILITY_VERSION = 1;
				DYLIB_CURRENT_VERSION = 1;
				DYLIB_INSTALL_NAME_BASE = "@rpath";
				GENERATE_INFOPLIST_FILE = YES;
				INFOPLIST_KEY_NSHumanReadableCopyright = "";
				INSTALL_PATH = "$(LOCAL_LIBRARY_DIR)/Frameworks";
				LD_RUNPATH_SEARCH_PATHS = (
					"$(inherited)",
					"@executable_path/Frameworks",
					"@loader_path/Frameworks",
				);
				MARKETING_VERSION = 1.0;
				PRODUCT_BUNDLE_IDENTIFIER = paige.SwiftLibPaige;
				PRODUCT_NAME = "$(TARGET_NAME:c99extidentifier)";
				SKIP_INSTALL = YES;
				SWIFT_EMIT_LOC_STRINGS = YES;
				SWIFT_VERSION = 5.0;
				TARGETED_DEVICE_FAMILY = "1,2";
			};
			name = Release;
		};
		712152302727CD0900406898 /* Debug */ = {
			isa = XCBuildConfiguration;
			buildSettings = {
				ALWAYS_EMBED_SWIFT_STANDARD_LIBRARIES = YES;
				CODE_SIGN_STYLE = Automatic;
				CURRENT_PROJECT_VERSION = 1;
				GENERATE_INFOPLIST_FILE = YES;
				LD_RUNPATH_SEARCH_PATHS = (
					"$(inherited)",
					"@executable_path/Frameworks",
					"@loader_path/Frameworks",
				);
				MARKETING_VERSION = 1.0;
				PRODUCT_BUNDLE_IDENTIFIER = paige.SwiftLibPaigeTests;
				PRODUCT_NAME = "$(TARGET_NAME)";
				SWIFT_EMIT_LOC_STRINGS = NO;
				SWIFT_VERSION = 5.0;
				TARGETED_DEVICE_FAMILY = "1,2";
			};
			name = Debug;
		};
		712152312727CD0900406898 /* Release */ = {
			isa = XCBuildConfiguration;
			buildSettings = {
				ALWAYS_EMBED_SWIFT_STANDARD_LIBRARIES = YES;
				CODE_SIGN_STYLE = Automatic;
				CURRENT_PROJECT_VERSION = 1;
				GENERATE_INFOPLIST_FILE = YES;
				LD_RUNPATH_SEARCH_PATHS = (
					"$(inherited)",
					"@executable_path/Frameworks",
					"@loader_path/Frameworks",
				);
				MARKETING_VERSION = 1.0;
				PRODUCT_BUNDLE_IDENTIFIER = paige.SwiftLibPaigeTests;
				PRODUCT_NAME = "$(TARGET_NAME)";
				SWIFT_EMIT_LOC_STRINGS = NO;
				SWIFT_VERSION = 5.0;
				TARGETED_DEVICE_FAMILY = "1,2";
			};
			name = Release;
		};
/* End XCBuildConfiguration section */

/* Begin XCConfigurationList section */
		712152122727CD0900406898 /* Build configuration list for PBXProject "SwiftLibPaige" */ = {
			isa = XCConfigurationList;
			buildConfigurations = (
				7121522A2727CD0900406898 /* Debug */,
				7121522B2727CD0900406898 /* Release */,
			);
			defaultConfigurationIsVisible = 0;
			defaultConfigurationName = Release;
		};
		7121522C2727CD0900406898 /* Build configuration list for PBXNativeTarget "SwiftLibPaige" */ = {
			isa = XCConfigurationList;
			buildConfigurations = (
				7121522D2727CD0900406898 /* Debug */,
				7121522E2727CD0900406898 /* Release */,
			);
			defaultConfigurationIsVisible = 0;
			defaultConfigurationName = Release;
		};
		7121522F2727CD0900406898 /* Build configuration list for PBXNativeTarget "SwiftLibPaigeTests" */ = {
			isa = XCConfigurationList;
			buildConfigurations = (
				712152302727CD0900406898 /* Debug */,
				712152312727CD0900406898 /* Release */,
			);
			defaultConfigurationIsVisible = 0;
			defaultConfigurationName = Release;
		};
/* End XCConfigurationList section */
	};
	rootObject = 7121520F2727CD0900406898 /* Project object */;
}
